
Microsoft Visual Studio Solution File, Format Version 12.00
# Visual Studio Version 17
VisualStudioVersion = 17.5.002.0
MinimumVisualStudioVersion = 10.0.40219.1
Project("{9A19103F-16F7-4668-BE54-9A1E7A4F7556}") = "Bliss", "Bliss\Bliss.csproj", "{8F17C1C1-AFBB-4FA4-B318-1ABE8647F1E2}"
EndProject
Project("{FAE04EC0-301F-11D3-BF4B-00C04F79EFBC}") = "Bliss.Tests", "Bliss.Tests\Bliss.Tests.csproj", "{67CC0691-8233-4656-A571-84E185AA85F5}"
EndProject
Global
	GlobalSection(SolutionConfigurationPlatforms) = preSolution
		Debug|Any CPU = Debug|Any CPU
		Release|Any CPU = Release|Any CPU
	EndGlobalSection
	GlobalSection(ProjectConfigurationPlatforms) = postSolution
		{8F17C1C1-AFBB-4FA4-B318-1ABE8647F1E2}.Debug|Any CPU.ActiveCfg = Debug|Any CPU
		{8F17C1C1-AFBB-4FA4-B318-1ABE8647F1E2}.Debug|Any CPU.Build.0 = Debug|Any CPU
		{8F17C1C1-AFBB-4FA4-B318-1ABE8647F1E2}.Release|Any CPU.ActiveCfg = Release|Any CPU
		{8F17C1C1-AFBB-4FA4-B318-1ABE8647F1E2}.Release|Any CPU.Build.0 = Release|Any CPU
		{67CC0691-8233-4656-A571-84E185AA85F5}.Debug|Any CPU.ActiveCfg = Debug|Any CPU
		{67CC0691-8233-4656-A571-84E185AA85F5}.Debug|Any CPU.Build.0 = Debug|Any CPU
		{67CC0691-8233-4656-A571-84E185AA85F5}.Release|Any CPU.ActiveCfg = Release|Any CPU
		{67CC0691-8233-4656-A571-84E185AA85F5}.Release|Any CPU.Build.0 = Release|Any CPU
	EndGlobalSection
	GlobalSection(SolutionProperties) = preSolution
		HideSolutionNode = FALSE
	EndGlobalSection
	GlobalSection(ExtensibilityGlobals) = postSolution
		SolutionGuid = {AB5CBB4C-E413-4990-9A34-A7B77BB21B38}
	EndGlobalSection
EndGlobal
